
Microsoft Visual Studio Solution File, Format Version 12.00
# Visual Studio 15
VisualStudioVersion = 15.0.28307.1169
MinimumVisualStudioVersion = 10.0.40219.1
Project("{8BC9CEB8-8B4A-11D0-8D11-00A0C91BC942}") = "AES Algorithm", "AES Algorithm\AES Algorithm.vcxproj", "{651BB56B-8622-4E7B-A8A3-17AE4AE2D987}"
EndProject
Project("{8BC9CEB8-8B4A-11D0-8D11-00A0C91BC942}") = "TEA Algorithm", "TEA Algorithm\TEA Algorithm.vcxproj", "{ED011BDC-3477-4579-B9CF-23D2C1BEE42C}"
EndProject
Project("{8BC9CEB8-8B4A-11D0-8D11-00A0C91BC942}") = "Caesar", "Caesar\Caesar.vcxproj", "{34DAB612-77E3-437E-A8E4-CBAB4826671E}"
EndProject
Project("{8BC9CEB8-8B4A-11D0-8D11-00A0C91BC942}") = "RC4 Algorithm", "RC4 Algorithm\RC4 Algorithm.vcxproj", "{9EE9A8BD-E3BD-47F0-9EAD-00D43CE93606}"
EndProject
Project("{8BC9CEB8-8B4A-11D0-8D11-00A0C91BC942}") = "Salsa20 Algorithm", "Salsa20 Algorithm\Salsa20 Algorithm.vcxproj", "{18B26EDF-4CD5-4AF1-A490-D767DB7D6EC9}"
EndProject
Project("{8BC9CEB8-8B4A-11D0-8D11-00A0C91BC942}") = "ROT13-47", "ROT13-47\ROT13-47.vcxproj", "{F0912D72-DB23-4DAD-8C19-1D5A623FC4A5}"
EndProject
Project("{8BC9CEB8-8B4A-11D0-8D11-00A0C91BC942}") = "base16-64", "base16-64\base16-64.vcxproj", "{EEB5F72F-2D1B-40EC-9C2B-321DFBD5F9F2}"
EndProject
Project("{8BC9CEB8-8B4A-11D0-8D11-00A0C91BC942}") = "RSA Algorithm", "RSA Algorithm\RSA Algorithm.vcxproj", "{30060C12-06FE-4A0F-88F1-7AB4A01CB000}"
EndProject
Project("{8BC9CEB8-8B4A-11D0-8D11-00A0C91BC942}") = "base64other", "base64other\base64other.vcxproj", "{2715EF45-5D0A-4BD9-B472-F57AD8AB8F42}"
EndProject
Global
	GlobalSection(SolutionConfigurationPlatforms) = preSolution
		Debug|x64 = Debug|x64
		Debug|x86 = Debug|x86
		Release|x64 = Release|x64
		Release|x86 = Release|x86
	EndGlobalSection
	GlobalSection(ProjectConfigurationPlatforms) = postSolution
		{651BB56B-8622-4E7B-A8A3-17AE4AE2D987}.Debug|x64.ActiveCfg = Debug|x64
		{651BB56B-8622-4E7B-A8A3-17AE4AE2D987}.Debug|x64.Build.0 = Debug|x64
		{651BB56B-8622-4E7B-A8A3-17AE4AE2D987}.Debug|x86.ActiveCfg = Debug|Win32
		{651BB56B-8622-4E7B-A8A3-17AE4AE2D987}.Debug|x86.Build.0 = Debug|Win32
		{651BB56B-8622-4E7B-A8A3-17AE4AE2D987}.Release|x64.ActiveCfg = Release|x64
		{651BB56B-8622-4E7B-A8A3-17AE4AE2D987}.Release|x64.Build.0 = Release|x64
		{651BB56B-8622-4E7B-A8A3-17AE4AE2D987}.Release|x86.ActiveCfg = Release|Win32
		{651BB56B-8622-4E7B-A8A3-17AE4AE2D987}.Release|x86.Build.0 = Release|Win32
		{ED011BDC-3477-4579-B9CF-23D2C1BEE42C}.Debug|x64.ActiveCfg = Debug|x64
		{ED011BDC-3477-4579-B9CF-23D2C1BEE42C}.Debug|x64.Build.0 = Debug|x64
		{ED011BDC-3477-4579-B9CF-23D2C1BEE42C}.Debug|x86.ActiveCfg = Debug|Win32
		{ED011BDC-3477-4579-B9CF-23D2C1BEE42C}.Debug|x86.Build.0 = Debug|Win32
		{ED011BDC-3477-4579-B9CF-23D2C1BEE42C}.Release|x64.ActiveCfg = Release|x64
		{ED011BDC-3477-4579-B9CF-23D2C1BEE42C}.Release|x64.Build.0 = Release|x64
		{ED011BDC-3477-4579-B9CF-23D2C1BEE42C}.Release|x86.ActiveCfg = Release|Win32
		{ED011BDC-3477-4579-B9CF-23D2C1BEE42C}.Release|x86.Build.0 = Release|Win32
		{34DAB612-77E3-437E-A8E4-CBAB4826671E}.Debug|x64.ActiveCfg = Debug|x64
		{34DAB612-77E3-437E-A8E4-CBAB4826671E}.Debug|x64.Build.0 = Debug|x64
		{34DAB612-77E3-437E-A8E4-CBAB4826671E}.Debug|x86.ActiveCfg = Debug|Win32
		{34DAB612-77E3-437E-A8E4-CBAB4826671E}.Debug|x86.Build.0 = Debug|Win32
		{34DAB612-77E3-437E-A8E4-CBAB4826671E}.Release|x64.ActiveCfg = Release|x64
		{34DAB612-77E3-437E-A8E4-CBAB4826671E}.Release|x64.Build.0 = Release|x64
		{34DAB612-77E3-437E-A8E4-CBAB4826671E}.Release|x86.ActiveCfg = Release|Win32
		{34DAB612-77E3-437E-A8E4-CBAB4826671E}.Release|x86.Build.0 = Release|Win32
		{9EE9A8BD-E3BD-47F0-9EAD-00D43CE93606}.Debug|x64.ActiveCfg = Debug|x64
		{9EE9A8BD-E3BD-47F0-9EAD-00D43CE93606}.Debug|x64.Build.0 = Debug|x64
		{9EE9A8BD-E3BD-47F0-9EAD-00D43CE93606}.Debug|x86.ActiveCfg = Debug|Win32
		{9EE9A8BD-E3BD-47F0-9EAD-00D43CE93606}.Debug|x86.Build.0 = Debug|Win32
		{9EE9A8BD-E3BD-47F0-9EAD-00D43CE93606}.Release|x64.ActiveCfg = Release|x64
		{9EE9A8BD-E3BD-47F0-9EAD-00D43CE93606}.Release|x64.Build.0 = Release|x64
		{9EE9A8BD-E3BD-47F0-9EAD-00D43CE93606}.Release|x86.ActiveCfg = Release|Win32
		{9EE9A8BD-E3BD-47F0-9EAD-00D43CE93606}.Release|x86.Build.0 = Release|Win32
		{18B26EDF-4CD5-4AF1-A490-D767DB7D6EC9}.Debug|x64.ActiveCfg = Debug|x64
		{18B26EDF-4CD5-4AF1-A490-D767DB7D6EC9}.Debug|x64.Build.0 = Debug|x64
		{18B26EDF-4CD5-4AF1-A490-D767DB7D6EC9}.Debug|x86.ActiveCfg = Debug|Win32
		{18B26EDF-4CD5-4AF1-A490-D767DB7D6EC9}.Debug|x86.Build.0 = Debug|Win32
		{18B26EDF-4CD5-4AF1-A490-D767DB7D6EC9}.Release|x64.ActiveCfg = Release|x64
		{18B26EDF-4CD5-4AF1-A490-D767DB7D6EC9}.Release|x64.Build.0 = Release|x64
		{18B26EDF-4CD5-4AF1-A490-D767DB7D6EC9}.Release|x86.ActiveCfg = Release|Win32
		{18B26EDF-4CD5-4AF1-A490-D767DB7D6EC9}.Release|x86.Build.0 = Release|Win32
		{F0912D72-DB23-4DAD-8C19-1D5A623FC4A5}.Debug|x64.ActiveCfg = Debug|x64
		{F0912D72-DB23-4DAD-8C19-1D5A623FC4A5}.Debug|x64.Build.0 = Debug|x64
		{F0912D72-DB23-4DAD-8C19-1D5A623FC4A5}.Debug|x86.ActiveCfg = Debug|Win32
		{F0912D72-DB23-4DAD-8C19-1D5A623FC4A5}.Debug|x86.Build.0 = Debug|Win32
		{F0912D72-DB23-4DAD-8C19-1D5A623FC4A5}.Release|x64.ActiveCfg = Release|x64
		{F0912D72-DB23-4DAD-8C19-1D5A623FC4A5}.Release|x64.Build.0 = Release|x64
		{F0912D72-DB23-4DAD-8C19-1D5A623FC4A5}.Release|x86.ActiveCfg = Release|Win32
		{F0912D72-DB23-4DAD-8C19-1D5A623FC4A5}.Release|x86.Build.0 = Release|Win32
		{EEB5F72F-2D1B-40EC-9C2B-321DFBD5F9F2}.Debug|x64.ActiveCfg = Debug|x64
		{EEB5F72F-2D1B-40EC-9C2B-321DFBD5F9F2}.Debug|x64.Build.0 = Debug|x64
		{EEB5F72F-2D1B-40EC-9C2B-321DFBD5F9F2}.Debug|x86.ActiveCfg = Debug|Win32
		{EEB5F72F-2D1B-40EC-9C2B-321DFBD5F9F2}.Debug|x86.Build.0 = Debug|Win32
		{EEB5F72F-2D1B-40EC-9C2B-321DFBD5F9F2}.Release|x64.ActiveCfg = Release|x64
		{EEB5F72F-2D1B-40EC-9C2B-321DFBD5F9F2}.Release|x64.Build.0 = Release|x64
		{EEB5F72F-2D1B-40EC-9C2B-321DFBD5F9F2}.Release|x86.ActiveCfg = Release|Win32
		{EEB5F72F-2D1B-40EC-9C2B-321DFBD5F9F2}.Release|x86.Build.0 = Release|Win32
		{30060C12-06FE-4A0F-88F1-7AB4A01CB000}.Debug|x64.ActiveCfg = Debug|x64
		{30060C12-06FE-4A0F-88F1-7AB4A01CB000}.Debug|x64.Build.0 = Debug|x64
		{30060C12-06FE-4A0F-88F1-7AB4A01CB000}.Debug|x86.ActiveCfg = Debug|Win32
		{30060C12-06FE-4A0F-88F1-7AB4A01CB000}.Debug|x86.Build.0 = Debug|Win32
		{30060C12-06FE-4A0F-88F1-7AB4A01CB000}.Release|x64.ActiveCfg = Release|x64
		{30060C12-06FE-4A0F-88F1-7AB4A01CB000}.Release|x64.Build.0 = Release|x64
		{30060C12-06FE-4A0F-88F1-7AB4A01CB000}.Release|x86.ActiveCfg = Release|Win32
		{30060C12-06FE-4A0F-88F1-7AB4A01CB000}.Release|x86.Build.0 = Release|Win32
		{2715EF45-5D0A-4BD9-B472-F57AD8AB8F42}.Debug|x64.ActiveCfg = Debug|x64
		{2715EF45-5D0A-4BD9-B472-F57AD8AB8F42}.Debug|x64.Build.0 = Debug|x64
		{2715EF45-5D0A-4BD9-B472-F57AD8AB8F42}.Debug|x86.ActiveCfg = Debug|Win32
		{2715EF45-5D0A-4BD9-B472-F57AD8AB8F42}.Debug|x86.Build.0 = Debug|Win32
		{2715EF45-5D0A-4BD9-B472-F57AD8AB8F42}.Release|x64.ActiveCfg = Release|x64
		{2715EF45-5D0A-4BD9-B472-F57AD8AB8F42}.Release|x64.Build.0 = Release|x64
		{2715EF45-5D0A-4BD9-B472-F57AD8AB8F42}.Release|x86.ActiveCfg = Release|Win32
		{2715EF45-5D0A-4BD9-B472-F57AD8AB8F42}.Release|x86.Build.0 = Release|Win32
	EndGlobalSection
	GlobalSection(SolutionProperties) = preSolution
		HideSolutionNode = FALSE
	EndGlobalSection
	GlobalSection(ExtensibilityGlobals) = postSolution
		SolutionGuid = {0F622ECC-2FF1-4D79-8F10-D78AC5D851BA}
	EndGlobalSection
EndGlobal
